// !$*UTF8*$!
{
	archiveVersion = 1;
	classes = {
	};
	objectVersion = 46;
	objects = {

/* Begin PBXBuildFile section */
		FA6FBFE81B309B1A00916956 /* main.m in Sources */ = {isa = PBXBuildFile; fileRef = FA6FBFE71B309B1A00916956 /* main.m */; };
		FA6FBFEB1B309B1A00916956 /* AppDelegate.m in Sources */ = {isa = PBXBuildFile; fileRef = FA6FBFEA1B309B1A00916956 /* AppDelegate.m */; };
		FA6FBFEE1B309B1A00916956 /* ViewController.m in Sources */ = {isa = PBXBuildFile; fileRef = FA6FBFED1B309B1A00916956 /* ViewController.m */; };
		FA6FBFF11B309B1A00916956 /* Main.storyboard in Resources */ = {isa = PBXBuildFile; fileRef = FA6FBFEF1B309B1A00916956 /* Main.storyboard */; };
		FA6FBFF31B309B1A00916956 /* Images.xcassets in Resources */ = {isa = PBXBuildFile; fileRef = FA6FBFF21B309B1A00916956 /* Images.xcassets */; };
		FA6FBFF61B309B1A00916956 /* LaunchScreen.xib in Resources */ = {isa = PBXBuildFile; fileRef = FA6FBFF41B309B1A00916956 /* LaunchScreen.xib */; };
		FA6FC0021B309B1A00916956 /* ThreeLowTests.m in Sources */ = {isa = PBXBuildFile; fileRef = FA6FC0011B309B1A00916956 /* ThreeLowTests.m */; };
		FA6FC00D1B30A10400916956 /* GameModel.m in Sources */ = {isa = PBXBuildFile; fileRef = FA6FC00C1B30A10400916956 /* GameModel.m */; };
		FA6FC0101B30C7FE00916956 /* Dice.m in Sources */ = {isa = PBXBuildFile; fileRef = FA6FC00F1B30C7FE00916956 /* Dice.m */; };
/* End PBXBuildFile section */

/* Begin PBXContainerItemProxy section */
		FA6FBFFC1B309B1A00916956 /* PBXContainerItemProxy */ = {
			isa = PBXContainerItemProxy;
			containerPortal = FA6FBFDA1B309B1A00916956 /* Project object */;
			proxyType = 1;
			remoteGlobalIDString = FA6FBFE11B309B1A00916956;
			remoteInfo = ThreeLow;
		};
/* End PBXContainerItemProxy section */

/* Begin PBXFileReference section */
		FA6FBFE21B309B1A00916956 /* ThreeLow.app */ = {isa = PBXFileReference; explicitFileType = wrapper.application; includeInIndex = 0; path = ThreeLow.app; sourceTree = BUILT_PRODUCTS_DIR; };
		FA6FBFE61B309B1A00916956 /* Info.plist */ = {isa = PBXFileReference; lastKnownFileType = text.plist.xml; path = Info.plist; sourceTree = "<group>"; };
		FA6FBFE71B309B1A00916956 /* main.m */ = {isa = PBXFileReference; lastKnownFileType = sourcecode.c.objc; path = main.m; sourceTree = "<group>"; };
		FA6FBFE91B309B1A00916956 /* AppDelegate.h */ = {isa = PBXFileReference; lastKnownFileType = sourcecode.c.h; path = AppDelegate.h; sourceTree = "<group>"; };
		FA6FBFEA1B309B1A00916956 /* AppDelegate.m */ = {isa = PBXFileReference; lastKnownFileType = sourcecode.c.objc; path = AppDelegate.m; sourceTree = "<group>"; };
		FA6FBFEC1B309B1A00916956 /* ViewController.h */ = {isa = PBXFileReference; lastKnownFileType = sourcecode.c.h; path = ViewController.h; sourceTree = "<group>"; };
		FA6FBFED1B309B1A00916956 /* ViewController.m */ = {isa = PBXFileReference; lastKnownFileType = sourcecode.c.objc; path = ViewController.m; sourceTree = "<group>"; };
		FA6FBFF01B309B1A00916956 /* Base */ = {isa = PBXFileReference; lastKnownFileType = file.storyboard; name = Base; path = Base.lproj/Main.storyboard; sourceTree = "<group>"; };
		FA6FBFF21B309B1A00916956 /* Images.xcassets */ = {isa = PBXFileReference; lastKnownFileType = folder.assetcatalog; path = Images.xcassets; sourceTree = "<group>"; };
		FA6FBFF51B309B1A00916956 /* Base */ = {isa = PBXFileReference; lastKnownFileType = file.xib; name = Base; path = Base.lproj/LaunchScreen.xib; sourceTree = "<group>"; };
		FA6FBFFB1B309B1A00916956 /* ThreeLowTests.xctest */ = {isa = PBXFileReference; explicitFileType = wrapper.cfbundle; includeInIndex = 0; path = ThreeLowTests.xctest; sourceTree = BUILT_PRODUCTS_DIR; };
		FA6FC0001B309B1A00916956 /* Info.plist */ = {isa = PBXFileReference; lastKnownFileType = text.plist.xml; path = Info.plist; sourceTree = "<group>"; };
		FA6FC0011B309B1A00916956 /* ThreeLowTests.m */ = {isa = PBXFileReference; lastKnownFileType = sourcecode.c.objc; path = ThreeLowTests.m; sourceTree = "<group>"; };
		FA6FC00B1B30A10400916956 /* GameModel.h */ = {isa = PBXFileReference; fileEncoding = 4; lastKnownFileType = sourcecode.c.h; path = GameModel.h; sourceTree = "<group>"; };
		FA6FC00C1B30A10400916956 /* GameModel.m */ = {isa = PBXFileReference; fileEncoding = 4; lastKnownFileType = sourcecode.c.objc; path = GameModel.m; sourceTree = "<group>"; };
		FA6FC00E1B30C7FE00916956 /* Dice.h */ = {isa = PBXFileReference; fileEncoding = 4; lastKnownFileType = sourcecode.c.h; path = Dice.h; sourceTree = "<group>"; };
		FA6FC00F1B30C7FE00916956 /* Dice.m */ = {isa = PBXFileReference; fileEncoding = 4; lastKnownFileType = sourcecode.c.objc; path = Dice.m; sourceTree = "<group>"; };
/* End PBXFileReference section */

/* Begin PBXFrameworksBuildPhase section */
		FA6FBFDF1B309B1A00916956 /* Frameworks */ = {
			isa = PBXFrameworksBuildPhase;
			buildActionMask = 2147483647;
			files = (
			);
			runOnlyForDeploymentPostprocessing = 0;
		};
		FA6FBFF81B309B1A00916956 /* Frameworks */ = {
			isa = PBXFrameworksBuildPhase;
			buildActionMask = 2147483647;
			files = (
			);
			runOnlyForDeploymentPostprocessing = 0;
		};
/* End PBXFrameworksBuildPhase section */

/* Begin PBXGroup section */
		FA6FBFD91B309B1A00916956 = {
			isa = PBXGroup;
			children = (
				FA6FBFE41B309B1A00916956 /* ThreeLow */,
				FA6FBFFE1B309B1A00916956 /* ThreeLowTests */,
				FA6FBFE31B309B1A00916956 /* Products */,
			);
			sourceTree = "<group>";
		};
		FA6FBFE31B309B1A00916956 /* Products */ = {
			isa = PBXGroup;
			children = (
				FA6FBFE21B309B1A00916956 /* ThreeLow.app */,
				FA6FBFFB1B309B1A00916956 /* ThreeLowTests.xctest */,
			);
			name = Products;
			sourceTree = "<group>";
		};
		FA6FBFE41B309B1A00916956 /* ThreeLow */ = {
			isa = PBXGroup;
			children = (
				FA6FBFE91B309B1A00916956 /* AppDelegate.h */,
				FA6FBFEA1B309B1A00916956 /* AppDelegate.m */,
				FA6FC00E1B30C7FE00916956 /* Dice.h */,
				FA6FC00F1B30C7FE00916956 /* Dice.m */,
				FA6FC00B1B30A10400916956 /* GameModel.h */,
				FA6FC00C1B30A10400916956 /* GameModel.m */,
				FA6FBFEC1B309B1A00916956 /* ViewController.h */,
				FA6FBFED1B309B1A00916956 /* ViewController.m */,
				FA6FBFEF1B309B1A00916956 /* Main.storyboard */,
				FA6FBFF21B309B1A00916956 /* Images.xcassets */,
				FA6FBFF41B309B1A00916956 /* LaunchScreen.xib */,
				FA6FBFE51B309B1A00916956 /* Supporting Files */,
			);
			path = ThreeLow;
			sourceTree = "<group>";
		};
		FA6FBFE51B309B1A00916956 /* Supporting Files */ = {
			isa = PBXGroup;
			children = (
				FA6FBFE61B309B1A00916956 /* Info.plist */,
				FA6FBFE71B309B1A00916956 /* main.m */,
			);
			name = "Supporting Files";
			sourceTree = "<group>";
		};
		FA6FBFFE1B309B1A00916956 /* ThreeLowTests */ = {
			isa = PBXGroup;
			children = (
				FA6FC0011B309B1A00916956 /* ThreeLowTests.m */,
				FA6FBFFF1B309B1A00916956 /* Supporting Files */,
			);
			path = ThreeLowTests;
			sourceTree = "<group>";
		};
		FA6FBFFF1B309B1A00916956 /* Supporting Files */ = {
			isa = PBXGroup;
			children = (
				FA6FC0001B309B1A00916956 /* Info.plist */,
			);
			name = "Supporting Files";
			sourceTree = "<group>";
		};
/* End PBXGroup section */

/* Begin PBXNativeTarget section */
		FA6FBFE11B309B1A00916956 /* ThreeLow */ = {
			isa = PBXNativeTarget;
			buildConfigurationList = FA6FC0051B309B1A00916956 /* Build configuration list for PBXNativeTarget "ThreeLow" */;
			buildPhases = (
				FA6FBFDE1B309B1A00916956 /* Sources */,
				FA6FBFDF1B309B1A00916956 /* Frameworks */,
				FA6FBFE01B309B1A00916956 /* Resources */,
			);
			buildRules = (
			);
			dependencies = (
			);
			name = ThreeLow;
			productName = ThreeLow;
			productReference = FA6FBFE21B309B1A00916956 /* ThreeLow.app */;
			productType = "com.apple.product-type.application";
		};
		FA6FBFFA1B309B1A00916956 /* ThreeLowTests */ = {
			isa = PBXNativeTarget;
			buildConfigurationList = FA6FC0081B309B1A00916956 /* Build configuration list for PBXNativeTarget "ThreeLowTests" */;
			buildPhases = (
				FA6FBFF71B309B1A00916956 /* Sources */,
				FA6FBFF81B309B1A00916956 /* Frameworks */,
				FA6FBFF91B309B1A00916956 /* Resources */,
			);
			buildRules = (
			);
			dependencies = (
				FA6FBFFD1B309B1A00916956 /* PBXTargetDependency */,
			);
			name = ThreeLowTests;
			productName = ThreeLowTests;
			productReference = FA6FBFFB1B309B1A00916956 /* ThreeLowTests.xctest */;
			productType = "com.apple.product-type.bundle.unit-test";
		};
/* End PBXNativeTarget section */

/* Begin PBXProject section */
		FA6FBFDA1B309B1A00916956 /* Project object */ = {
			isa = PBXProject;
			attributes = {
				LastUpgradeCheck = 0630;
				ORGANIZATIONNAME = Alex;
				TargetAttributes = {
					FA6FBFE11B309B1A00916956 = {
						CreatedOnToolsVersion = 6.3.1;
					};
					FA6FBFFA1B309B1A00916956 = {
						CreatedOnToolsVersion = 6.3.1;
						TestTargetID = FA6FBFE11B309B1A00916956;
					};
				};
			};
			buildConfigurationList = FA6FBFDD1B309B1A00916956 /* Build configuration list for PBXProject "ThreeLow" */;
			compatibilityVersion = "Xcode 3.2";
			developmentRegion = English;
			hasScannedForEncodings = 0;
			knownRegions = (
				en,
				Base,
			);
			mainGroup = FA6FBFD91B309B1A00916956;
			productRefGroup = FA6FBFE31B309B1A00916956 /* Products */;
			projectDirPath = "";
			projectRoot = "";
			targets = (
				FA6FBFE11B309B1A00916956 /* ThreeLow */,
				FA6FBFFA1B309B1A00916956 /* ThreeLowTests */,
			);
		};
/* End PBXProject section */

/* Begin PBXResourcesBuildPhase section */
		FA6FBFE01B309B1A00916956 /* Resources */ = {
			isa = PBXResourcesBuildPhase;
			buildActionMask = 2147483647;
			files = (
				FA6FBFF11B309B1A00916956 /* Main.storyboard in Resources */,
				FA6FBFF61B309B1A00916956 /* LaunchScreen.xib in Resources */,
				FA6FBFF31B309B1A00916956 /* Images.xcassets in Resources */,
			);
			runOnlyForDeploymentPostprocessing = 0;
		};
		FA6FBFF91B309B1A00916956 /* Resources */ = {
			isa = PBXResourcesBuildPhase;
			buildActionMask = 2147483647;
			files = (
			);
			runOnlyForDeploymentPostprocessing = 0;
		};
/* End PBXResourcesBuildPhase section */

/* Begin PBXSourcesBuildPhase section */
		FA6FBFDE1B309B1A00916956 /* Sources */ = {
			isa = PBXSourcesBuildPhase;
			buildActionMask = 2147483647;
			files = (
				FA6FC0101B30C7FE00916956 /* Dice.m in Sources */,
				FA6FBFEE1B309B1A00916956 /* ViewController.m in Sources */,
				FA6FC00D1B30A10400916956 /* GameModel.m in Sources */,
				FA6FBFEB1B309B1A00916956 /* AppDelegate.m in Sources */,
				FA6FBFE81B309B1A00916956 /* main.m in Sources */,
			);
			runOnlyForDeploymentPostprocessing = 0;
		};
		FA6FBFF71B309B1A00916956 /* Sources */ = {
			isa = PBXSourcesBuildPhase;
			buildActionMask = 2147483647;
			files = (
				FA6FC0021B309B1A00916956 /* ThreeLowTests.m in Sources */,
			);
			runOnlyForDeploymentPostprocessing = 0;
		};
/* End PBXSourcesBuildPhase section */

/* Begin PBXTargetDependency section */
		FA6FBFFD1B309B1A00916956 /* PBXTargetDependency */ = {
			isa = PBXTargetDependency;
			target = FA6FBFE11B309B1A00916956 /* ThreeLow */;
			targetProxy = FA6FBFFC1B309B1A00916956 /* PBXContainerItemProxy */;
		};
/* End PBXTargetDependency section */

/* Begin PBXVariantGroup section */
		FA6FBFEF1B309B1A00916956 /* Main.storyboard */ = {
			isa = PBXVariantGroup;
			children = (
				FA6FBFF01B309B1A00916956 /* Base */,
			);
			name = Main.storyboard;
			sourceTree = "<group>";
		};
		FA6FBFF41B309B1A00916956 /* LaunchScreen.xib */ = {
			isa = PBXVariantGroup;
			children = (
				FA6FBFF51B309B1A00916956 /* Base */,
			);
			name = LaunchScreen.xib;
			sourceTree = "<group>";
		};
/* End PBXVariantGroup section */

/* Begin XCBuildConfiguration section */
		FA6FC0031B309B1A00916956 /* Debug */ = {
			isa = XCBuildConfiguration;
			buildSettings = {
				ALWAYS_SEARCH_USER_PATHS = NO;
				CLANG_CXX_LANGUAGE_STANDARD = "gnu++0x";
				CLANG_CXX_LIBRARY = "libc++";
				CLANG_ENABLE_MODULES = YES;
				CLANG_ENABLE_OBJC_ARC = YES;
				CLANG_WARN_BOOL_CONVERSION = YES;
				CLANG_WARN_CONSTANT_CONVERSION = YES;
				CLANG_WARN_DIRECT_OBJC_ISA_USAGE = YES_ERROR;
				CLANG_WARN_EMPTY_BODY = YES;
				CLANG_WARN_ENUM_CONVERSION = YES;
				CLANG_WARN_INT_CONVERSION = YES;
				CLANG_WARN_OBJC_ROOT_CLASS = YES_ERROR;
				CLANG_WARN_UNREACHABLE_CODE = YES;
				CLANG_WARN__DUPLICATE_METHOD_MATCH = YES;
				"CODE_SIGN_IDENTITY[sdk=iphoneos*]" = "iPhone Developer";
				COPY_PHASE_STRIP = NO;
				DEBUG_INFORMATION_FORMAT = "dwarf-with-dsym";
				ENABLE_STRICT_OBJC_MSGSEND = YES;
				GCC_C_LANGUAGE_STANDARD = gnu99;
				GCC_DYNAMIC_NO_PIC = NO;
				GCC_NO_COMMON_BLOCKS = YES;
				GCC_OPTIMIZATION_LEVEL = 0;
				GCC_PREPROCESSOR_DEFINITIONS = (
					"DEBUG=1",
					"$(inherited)",
				);
				GCC_SYMBOLS_PRIVATE_EXTERN = NO;
				GCC_WARN_64_TO_32_BIT_CONVERSION = YES;
				GCC_WARN_ABOUT_RETURN_TYPE = YES_ERROR;
				GCC_WARN_UNDECLARED_SELECTOR = YES;
				GCC_WARN_UNINITIALIZED_AUTOS = YES_AGGRESSIVE;
				GCC_WARN_UNUSED_FUNCTION = YES;
				GCC_WARN_UNUSED_VARIABLE = YES;
				IPHONEOS_DEPLOYMENT_TARGET = 8.3;
				MTL_ENABLE_DEBUG_INFO = YES;
				ONLY_ACTIVE_ARCH = YES;
				SDKROOT = iphoneos;
			};
			name = Debug;
		};
		FA6FC0041B309B1A00916956 /* Release */ = {
			isa = XCBuildConfiguration;
			buildSettings = {
				ALWAYS_SEARCH_USER_PATHS = NO;
				CLANG_CXX_LANGUAGE_STANDARD = "gnu++0x";
				CLANG_CXX_LIBRARY = "libc++";
				CLANG_ENABLE_MODULES = YES;
				CLANG_ENABLE_OBJC_ARC = YES;
				CLANG_WARN_BOOL_CONVERSION = YES;
				CLANG_WARN_CONSTANT_CONVERSION = YES;
				CLANG_WARN_DIRECT_OBJC_ISA_USAGE = YES_ERROR;
				CLANG_WARN_EMPTY_BODY = YES;
				CLANG_WARN_ENUM_CONVERSION = YES;
				CLANG_WARN_INT_CONVERSION = YES;
				CLANG_WARN_OBJC_ROOT_CLASS = YES_ERROR;
				CLANG_WARN_UNREACHABLE_CODE = YES;
				CLANG_WARN__DUPLICATE_METHOD_MATCH = YES;
				"CODE_SIGN_IDENTITY[sdk=iphoneos*]" = "iPhone Developer";
				COPY_PHASE_STRIP = NO;
				DEBUG_INFORMATION_FORMAT = "dwarf-with-dsym";
				ENABLE_NS_ASSERTIONS = NO;
				ENABLE_STRICT_OBJC_MSGSEND = YES;
				GCC_C_LANGUAGE_STANDARD = gnu99;
				GCC_NO_COMMON_BLOCKS = YES;
				GCC_WARN_64_TO_32_BIT_CONVERSION = YES;
				GCC_WARN_ABOUT_RETURN_TYPE = YES_ERROR;
				GCC_WARN_UNDECLARED_SELECTOR = YES;
				GCC_WARN_UNINITIALIZED_AUTOS = YES_AGGRESSIVE;
				GCC_WARN_UNUSED_FUNCTION = YES;
				GCC_WARN_UNUSED_VARIABLE = YES;
				IPHONEOS_DEPLOYMENT_TARGET = 8.3;
				MTL_ENABLE_DEBUG_INFO = NO;
				SDKROOT = iphoneos;
				VALIDATE_PRODUCT = YES;
			};
			name = Release;
		};
		FA6FC0061B309B1A00916956 /* Debug */ = {
			isa = XCBuildConfiguration;
			buildSettings = {
				ASSETCATALOG_COMPILER_APPICON_NAME = AppIcon;
				INFOPLIST_FILE = ThreeLow/Info.plist;
				LD_RUNPATH_SEARCH_PATHS = "$(inherited) @executable_path/Frameworks";
				PRODUCT_NAME = "$(TARGET_NAME)";
			};
			name = Debug;
		};
		FA6FC0071B309B1A00916956 /* Release */ = {
			isa = XCBuildConfiguration;
			buildSettings = {
				ASSETCATALOG_COMPILER_APPICON_NAME = AppIcon;
				INFOPLIST_FILE = ThreeLow/Info.plist;
				LD_RUNPATH_SEARCH_PATHS = "$(inherited) @executable_path/Frameworks";
				PRODUCT_NAME = "$(TARGET_NAME)";
			};
			name = Release;
		};
		FA6FC0091B309B1A00916956 /* Debug */ = {
			isa = XCBuildConfiguration;
			buildSettings = {
				BUNDLE_LOADER = "$(TEST_HOST)";
				FRAMEWORK_SEARCH_PATHS = (
					"$(SDKROOT)/Developer/Library/Frameworks",
					"$(inherited)",
				);
				GCC_PREPROCESSOR_DEFINITIONS = (
					"DEBUG=1",
					"$(inherited)",
				);
				INFOPLIST_FILE = ThreeLowTests/Info.plist;
				LD_RUNPATH_SEARCH_PATHS = "$(inherited) @executable_path/Frameworks @loader_path/Frameworks";
				PRODUCT_NAME = "$(TARGET_NAME)";
				TEST_HOST = "$(BUILT_PRODUCTS_DIR)/ThreeLow.app/ThreeLow";
			};
			name = Debug;
		};
		FA6FC00A1B309B1A00916956 /* Release */ = {
			isa = XCBuildConfiguration;
			buildSettings = {
				BUNDLE_LOADER = "$(TEST_HOST)";
				FRAMEWORK_SEARCH_PATHS = (
					"$(SDKROOT)/Developer/Library/Frameworks",
					"$(inherited)",
				);
				INFOPLIST_FILE = ThreeLowTests/Info.plist;
				LD_RUNPATH_SEARCH_PATHS = "$(inherited) @executable_path/Frameworks @loader_path/Frameworks";
				PRODUCT_NAME = "$(TARGET_NAME)";
				TEST_HOST = "$(BUILT_PRODUCTS_DIR)/ThreeLow.app/ThreeLow";
			};
			name = Release;
		};
/* End XCBuildConfiguration section */

/* Begin XCConfigurationList section */
		FA6FBFDD1B309B1A00916956 /* Build configuration list for PBXProject "ThreeLow" */ = {
			isa = XCConfigurationList;
			buildConfigurations = (
				FA6FC0031B309B1A00916956 /* Debug */,
				FA6FC0041B309B1A00916956 /* Release */,
			);
			defaultConfigurationIsVisible = 0;
			defaultConfigurationName = Release;
		};
		FA6FC0051B309B1A00916956 /* Build configuration list for PBXNativeTarget "ThreeLow" */ = {
			isa = XCConfigurationList;
			buildConfigurations = (
				FA6FC0061B309B1A00916956 /* Debug */,
				FA6FC0071B309B1A00916956 /* Release */,
			);
			defaultConfigurationIsVisible = 0;
		};
		FA6FC0081B309B1A00916956 /* Build configuration list for PBXNativeTarget "ThreeLowTests" */ = {
			isa = XCConfigurationList;
			buildConfigurations = (
				FA6FC0091B309B1A00916956 /* Debug */,
				FA6FC00A1B309B1A00916956 /* Release */,
			);
			defaultConfigurationIsVisible = 0;
		};
/* End XCConfigurationList section */
	};
	rootObject = FA6FBFDA1B309B1A00916956 /* Project object */;
}
